
Microsoft Visual Studio Solution File, Format Version 12.00
# Visual Studio 14
VisualStudioVersion = 14.0.25420.1
MinimumVisualStudioVersion = 10.0.40219.1
Project("{FAE04EC0-301F-11D3-BF4B-00C04F79EFBC}") = "DialOnAndroid", "DialOnAndroid\DialOnAndroid.csproj", "{244765D1-16BB-464C-9290-0C833AEB7966}"
EndProject
Project("{FAE04EC0-301F-11D3-BF4B-00C04F79EFBC}") = "DialOnAndroidGui", "DialOnAndroidGui\DialOnAndroidGui.csproj", "{F51EEEDC-0E01-4309-B0BF-79C4AEFDD430}"
EndProject
Project("{FAE04EC0-301F-11D3-BF4B-00C04F79EFBC}") = "DialOnAndroidMetro2", "DialOnAndroidMetro2\DialOnAndroidMetro2.csproj", "{6DB8C139-571F-4805-9577-27542FBC912D}"
EndProject
Global
	GlobalSection(SolutionConfigurationPlatforms) = preSolution
		Debug|Any CPU = Debug|Any CPU
		Debug|ARM = Debug|ARM
		Debug|x64 = Debug|x64
		Debug|x86 = Debug|x86
		Release|Any CPU = Release|Any CPU
		Release|ARM = Release|ARM
		Release|x64 = Release|x64
		Release|x86 = Release|x86
	EndGlobalSection
	GlobalSection(ProjectConfigurationPlatforms) = postSolution
		{244765D1-16BB-464C-9290-0C833AEB7966}.Debug|Any CPU.ActiveCfg = Debug|Any CPU
		{244765D1-16BB-464C-9290-0C833AEB7966}.Debug|Any CPU.Build.0 = Debug|Any CPU
		{244765D1-16BB-464C-9290-0C833AEB7966}.Debug|ARM.ActiveCfg = Debug|Any CPU
		{244765D1-16BB-464C-9290-0C833AEB7966}.Debug|ARM.Build.0 = Debug|Any CPU
		{244765D1-16BB-464C-9290-0C833AEB7966}.Debug|x64.ActiveCfg = Debug|Any CPU
		{244765D1-16BB-464C-9290-0C833AEB7966}.Debug|x64.Build.0 = Debug|Any CPU
		{244765D1-16BB-464C-9290-0C833AEB7966}.Debug|x86.ActiveCfg = Debug|Any CPU
		{244765D1-16BB-464C-9290-0C833AEB7966}.Debug|x86.Build.0 = Debug|Any CPU
		{244765D1-16BB-464C-9290-0C833AEB7966}.Release|Any CPU.ActiveCfg = Release|Any CPU
		{244765D1-16BB-464C-9290-0C833AEB7966}.Release|Any CPU.Build.0 = Release|Any CPU
		{244765D1-16BB-464C-9290-0C833AEB7966}.Release|ARM.ActiveCfg = Release|Any CPU
		{244765D1-16BB-464C-9290-0C833AEB7966}.Release|ARM.Build.0 = Release|Any CPU
		{244765D1-16BB-464C-9290-0C833AEB7966}.Release|x64.ActiveCfg = Release|Any CPU
		{244765D1-16BB-464C-9290-0C833AEB7966}.Release|x64.Build.0 = Release|Any CPU
		{244765D1-16BB-464C-9290-0C833AEB7966}.Release|x86.ActiveCfg = Release|Any CPU
		{244765D1-16BB-464C-9290-0C833AEB7966}.Release|x86.Build.0 = Release|Any CPU
		{F51EEEDC-0E01-4309-B0BF-79C4AEFDD430}.Debug|Any CPU.ActiveCfg = Debug|Any CPU
		{F51EEEDC-0E01-4309-B0BF-79C4AEFDD430}.Debug|Any CPU.Build.0 = Debug|Any CPU
		{F51EEEDC-0E01-4309-B0BF-79C4AEFDD430}.Debug|ARM.ActiveCfg = Debug|Any CPU
		{F51EEEDC-0E01-4309-B0BF-79C4AEFDD430}.Debug|ARM.Build.0 = Debug|Any CPU
		{F51EEEDC-0E01-4309-B0BF-79C4AEFDD430}.Debug|x64.ActiveCfg = Debug|Any CPU
		{F51EEEDC-0E01-4309-B0BF-79C4AEFDD430}.Debug|x64.Build.0 = Debug|Any CPU
		{F51EEEDC-0E01-4309-B0BF-79C4AEFDD430}.Debug|x86.ActiveCfg = Debug|Any CPU
		{F51EEEDC-0E01-4309-B0BF-79C4AEFDD430}.Debug|x86.Build.0 = Debug|Any CPU
		{F51EEEDC-0E01-4309-B0BF-79C4AEFDD430}.Release|Any CPU.ActiveCfg = Release|Any CPU
		{F51EEEDC-0E01-4309-B0BF-79C4AEFDD430}.Release|Any CPU.Build.0 = Release|Any CPU
		{F51EEEDC-0E01-4309-B0BF-79C4AEFDD430}.Release|ARM.ActiveCfg = Release|Any CPU
		{F51EEEDC-0E01-4309-B0BF-79C4AEFDD430}.Release|ARM.Build.0 = Release|Any CPU
		{F51EEEDC-0E01-4309-B0BF-79C4AEFDD430}.Release|x64.ActiveCfg = Release|Any CPU
		{F51EEEDC-0E01-4309-B0BF-79C4AEFDD430}.Release|x64.Build.0 = Release|Any CPU
		{F51EEEDC-0E01-4309-B0BF-79C4AEFDD430}.Release|x86.ActiveCfg = Release|Any CPU
		{F51EEEDC-0E01-4309-B0BF-79C4AEFDD430}.Release|x86.Build.0 = Release|Any CPU
		{6DB8C139-571F-4805-9577-27542FBC912D}.Debug|Any CPU.ActiveCfg = Debug|x86
		{6DB8C139-571F-4805-9577-27542FBC912D}.Debug|Any CPU.Build.0 = Debug|x86
		{6DB8C139-571F-4805-9577-27542FBC912D}.Debug|Any CPU.Deploy.0 = Debug|x86
		{6DB8C139-571F-4805-9577-27542FBC912D}.Debug|ARM.ActiveCfg = Debug|ARM
		{6DB8C139-571F-4805-9577-27542FBC912D}.Debug|ARM.Build.0 = Debug|ARM
		{6DB8C139-571F-4805-9577-27542FBC912D}.Debug|ARM.Deploy.0 = Debug|ARM
		{6DB8C139-571F-4805-9577-27542FBC912D}.Debug|x64.ActiveCfg = Debug|x64
		{6DB8C139-571F-4805-9577-27542FBC912D}.Debug|x64.Build.0 = Debug|x64
		{6DB8C139-571F-4805-9577-27542FBC912D}.Debug|x64.Deploy.0 = Debug|x64
		{6DB8C139-571F-4805-9577-27542FBC912D}.Debug|x86.ActiveCfg = Debug|x86
		{6DB8C139-571F-4805-9577-27542FBC912D}.Debug|x86.Build.0 = Debug|x86
		{6DB8C139-571F-4805-9577-27542FBC912D}.Debug|x86.Deploy.0 = Debug|x86
		{6DB8C139-571F-4805-9577-27542FBC912D}.Release|Any CPU.ActiveCfg = Release|x86
		{6DB8C139-571F-4805-9577-27542FBC912D}.Release|ARM.ActiveCfg = Release|ARM
		{6DB8C139-571F-4805-9577-27542FBC912D}.Release|ARM.Build.0 = Release|ARM
		{6DB8C139-571F-4805-9577-27542FBC912D}.Release|ARM.Deploy.0 = Release|ARM
		{6DB8C139-571F-4805-9577-27542FBC912D}.Release|x64.ActiveCfg = Release|x64
		{6DB8C139-571F-4805-9577-27542FBC912D}.Release|x64.Build.0 = Release|x64
		{6DB8C139-571F-4805-9577-27542FBC912D}.Release|x64.Deploy.0 = Release|x64
		{6DB8C139-571F-4805-9577-27542FBC912D}.Release|x86.ActiveCfg = Release|x86
		{6DB8C139-571F-4805-9577-27542FBC912D}.Release|x86.Build.0 = Release|x86
		{6DB8C139-571F-4805-9577-27542FBC912D}.Release|x86.Deploy.0 = Release|x86
	EndGlobalSection
	GlobalSection(SolutionProperties) = preSolution
		HideSolutionNode = FALSE
	EndGlobalSection
EndGlobal
